// !$*UTF8*$!
{
	archiveVersion = 1;
	classes = {
	};
	objectVersion = 50;
	objects = {

/* Begin PBXBuildFile section */
		4854A6A222F952A40096CFB3 /* SBAImagePickerController.storyboard in Resources */ = {isa = PBXBuildFile; fileRef = 4854A6A122F952A40096CFB3 /* SBAImagePickerController.storyboard */; };
		4854A6A522F958910096CFB3 /* Placeholder.png in Resources */ = {isa = PBXBuildFile; fileRef = 4854A6A422F958910096CFB3 /* Placeholder.png */; };
		4854A6A722F959C00096CFB3 /* tick.png in Resources */ = {isa = PBXBuildFile; fileRef = 4854A6A622F959C00096CFB3 /* tick.png */; };
		486D583B22F84A7300D49D45 /* AppDelegate.swift in Sources */ = {isa = PBXBuildFile; fileRef = 486D583A22F84A7300D49D45 /* AppDelegate.swift */; };
		486D583D22F84A7300D49D45 /* ViewController.swift in Sources */ = {isa = PBXBuildFile; fileRef = 486D583C22F84A7300D49D45 /* ViewController.swift */; };
		486D584022F84A7300D49D45 /* Main.storyboard in Resources */ = {isa = PBXBuildFile; fileRef = 486D583E22F84A7300D49D45 /* Main.storyboard */; };
		486D584222F84A7400D49D45 /* Assets.xcassets in Resources */ = {isa = PBXBuildFile; fileRef = 486D584122F84A7400D49D45 /* Assets.xcassets */; };
		486D584522F84A7400D49D45 /* LaunchScreen.storyboard in Resources */ = {isa = PBXBuildFile; fileRef = 486D584322F84A7400D49D45 /* LaunchScreen.storyboard */; };
		486D585B22F84AA000D49D45 /* AlbumPhotosViewModel.swift in Sources */ = {isa = PBXBuildFile; fileRef = 486D584D22F84AA000D49D45 /* AlbumPhotosViewModel.swift */; };
		486D585C22F84AA000D49D45 /* AlbumPhotosViewController.swift in Sources */ = {isa = PBXBuildFile; fileRef = 486D584E22F84AA000D49D45 /* AlbumPhotosViewController.swift */; };
		486D585D22F84AA000D49D45 /* AlbumPhotoCollectionViewCellViewModel.swift in Sources */ = {isa = PBXBuildFile; fileRef = 486D585022F84AA000D49D45 /* AlbumPhotoCollectionViewCellViewModel.swift */; };
		486D585E22F84AA000D49D45 /* AlbumCollectionViewCellViewModel.swift in Sources */ = {isa = PBXBuildFile; fileRef = 486D585122F84AA000D49D45 /* AlbumCollectionViewCellViewModel.swift */; };
		486D585F22F84AA000D49D45 /* SelectedAssets.swift in Sources */ = {isa = PBXBuildFile; fileRef = 486D585222F84AA000D49D45 /* SelectedAssets.swift */; };
		486D586022F84AA000D49D45 /* PhotosPickerController.swift in Sources */ = {isa = PBXBuildFile; fileRef = 486D585322F84AA000D49D45 /* PhotosPickerController.swift */; };
		486D586122F84AA000D49D45 /* PhotosPickerCoordinator.swift in Sources */ = {isa = PBXBuildFile; fileRef = 486D585422F84AA000D49D45 /* PhotosPickerCoordinator.swift */; };
		486D586222F84AA000D49D45 /* PhotosPickerViewModel.swift in Sources */ = {isa = PBXBuildFile; fileRef = 486D585522F84AA000D49D45 /* PhotosPickerViewModel.swift */; };
		486D586322F84AA000D49D45 /* PhotoAlbumsViewController.swift in Sources */ = {isa = PBXBuildFile; fileRef = 486D585622F84AA000D49D45 /* PhotoAlbumsViewController.swift */; };
		486D586422F84AA000D49D45 /* AlbumPhotoCollectionViewCell.swift in Sources */ = {isa = PBXBuildFile; fileRef = 486D585822F84AA000D49D45 /* AlbumPhotoCollectionViewCell.swift */; };
		486D586522F84AA000D49D45 /* AlbumCollectionViewCell.swift in Sources */ = {isa = PBXBuildFile; fileRef = 486D585922F84AA000D49D45 /* AlbumCollectionViewCell.swift */; };
		486D586622F84AA000D49D45 /* PhotoManager.swift in Sources */ = {isa = PBXBuildFile; fileRef = 486D585A22F84AA000D49D45 /* PhotoManager.swift */; };
		486D586A22F84B2400D49D45 /* BaseViewController.swift in Sources */ = {isa = PBXBuildFile; fileRef = 486D586822F84B2400D49D45 /* BaseViewController.swift */; };
		486D586B22F84B2400D49D45 /* StoryboardInitializable.swift in Sources */ = {isa = PBXBuildFile; fileRef = 486D586922F84B2400D49D45 /* StoryboardInitializable.swift */; };
		486D586D22F84B8500D49D45 /* DequeueInitializable.swift in Sources */ = {isa = PBXBuildFile; fileRef = 486D586C22F84B8500D49D45 /* DequeueInitializable.swift */; };
		486D587022F84CA700D49D45 /* UIViewController+Extensions.swift in Sources */ = {isa = PBXBuildFile; fileRef = 486D586F22F84CA700D49D45 /* UIViewController+Extensions.swift */; };
		486D587222F84D7F00D49D45 /* General.swift in Sources */ = {isa = PBXBuildFile; fileRef = 486D587122F84D7F00D49D45 /* General.swift */; };
		E38D385522F96896007717DE /* Constants.swift in Sources */ = {isa = PBXBuildFile; fileRef = E38D385422F96896007717DE /* Constants.swift */; };
/* End PBXBuildFile section */

/* Begin PBXFileReference section */
		4854A6A122F952A40096CFB3 /* SBAImagePickerController.storyboard */ = {isa = PBXFileReference; fileEncoding = 4; lastKnownFileType = file.storyboard; path = SBAImagePickerController.storyboard; sourceTree = "<group>"; };
		4854A6A422F958910096CFB3 /* Placeholder.png */ = {isa = PBXFileReference; lastKnownFileType = image.png; path = Placeholder.png; sourceTree = "<group>"; };
		4854A6A622F959C00096CFB3 /* tick.png */ = {isa = PBXFileReference; lastKnownFileType = image.png; path = tick.png; sourceTree = "<group>"; };
		486D583722F84A7300D49D45 /* SBAImagePickerController.app */ = {isa = PBXFileReference; explicitFileType = wrapper.application; includeInIndex = 0; path = SBAImagePickerController.app; sourceTree = BUILT_PRODUCTS_DIR; };
		486D583A22F84A7300D49D45 /* AppDelegate.swift */ = {isa = PBXFileReference; lastKnownFileType = sourcecode.swift; path = AppDelegate.swift; sourceTree = "<group>"; };
		486D583C22F84A7300D49D45 /* ViewController.swift */ = {isa = PBXFileReference; lastKnownFileType = sourcecode.swift; path = ViewController.swift; sourceTree = "<group>"; };
		486D583F22F84A7300D49D45 /* Base */ = {isa = PBXFileReference; lastKnownFileType = file.storyboard; name = Base; path = Base.lproj/Main.storyboard; sourceTree = "<group>"; };
		486D584122F84A7400D49D45 /* Assets.xcassets */ = {isa = PBXFileReference; lastKnownFileType = folder.assetcatalog; path = Assets.xcassets; sourceTree = "<group>"; };
		486D584422F84A7400D49D45 /* Base */ = {isa = PBXFileReference; lastKnownFileType = file.storyboard; name = Base; path = Base.lproj/LaunchScreen.storyboard; sourceTree = "<group>"; };
		486D584622F84A7400D49D45 /* Info.plist */ = {isa = PBXFileReference; lastKnownFileType = text.plist.xml; path = Info.plist; sourceTree = "<group>"; };
		486D584D22F84AA000D49D45 /* AlbumPhotosViewModel.swift */ = {isa = PBXFileReference; fileEncoding = 4; lastKnownFileType = sourcecode.swift; path = AlbumPhotosViewModel.swift; sourceTree = "<group>"; };
		486D584E22F84AA000D49D45 /* AlbumPhotosViewController.swift */ = {isa = PBXFileReference; fileEncoding = 4; lastKnownFileType = sourcecode.swift; path = AlbumPhotosViewController.swift; sourceTree = "<group>"; };
		486D585022F84AA000D49D45 /* AlbumPhotoCollectionViewCellViewModel.swift */ = {isa = PBXFileReference; fileEncoding = 4; lastKnownFileType = sourcecode.swift; path = AlbumPhotoCollectionViewCellViewModel.swift; sourceTree = "<group>"; };
		486D585122F84AA000D49D45 /* AlbumCollectionViewCellViewModel.swift */ = {isa = PBXFileReference; fileEncoding = 4; lastKnownFileType = sourcecode.swift; path = AlbumCollectionViewCellViewModel.swift; sourceTree = "<group>"; };
		486D585222F84AA000D49D45 /* SelectedAssets.swift */ = {isa = PBXFileReference; fileEncoding = 4; lastKnownFileType = sourcecode.swift; path = SelectedAssets.swift; sourceTree = "<group>"; };
		486D585322F84AA000D49D45 /* PhotosPickerController.swift */ = {isa = PBXFileReference; fileEncoding = 4; lastKnownFileType = sourcecode.swift; path = PhotosPickerController.swift; sourceTree = "<group>"; };
		486D585422F84AA000D49D45 /* PhotosPickerCoordinator.swift */ = {isa = PBXFileReference; fileEncoding = 4; lastKnownFileType = sourcecode.swift; path = PhotosPickerCoordinator.swift; sourceTree = "<group>"; };
		486D585522F84AA000D49D45 /* PhotosPickerViewModel.swift */ = {isa = PBXFileReference; fileEncoding = 4; lastKnownFileType = sourcecode.swift; path = PhotosPickerViewModel.swift; sourceTree = "<group>"; };
		486D585622F84AA000D49D45 /* PhotoAlbumsViewController.swift */ = {isa = PBXFileReference; fileEncoding = 4; lastKnownFileType = sourcecode.swift; path = PhotoAlbumsViewController.swift; sourceTree = "<group>"; };
		486D585822F84AA000D49D45 /* AlbumPhotoCollectionViewCell.swift */ = {isa = PBXFileReference; fileEncoding = 4; lastKnownFileType = sourcecode.swift; path = AlbumPhotoCollectionViewCell.swift; sourceTree = "<group>"; };
		486D585922F84AA000D49D45 /* AlbumCollectionViewCell.swift */ = {isa = PBXFileReference; fileEncoding = 4; lastKnownFileType = sourcecode.swift; path = AlbumCollectionViewCell.swift; sourceTree = "<group>"; };
		486D585A22F84AA000D49D45 /* PhotoManager.swift */ = {isa = PBXFileReference; fileEncoding = 4; lastKnownFileType = sourcecode.swift; path = PhotoManager.swift; sourceTree = "<group>"; };
		486D586822F84B2400D49D45 /* BaseViewController.swift */ = {isa = PBXFileReference; fileEncoding = 4; lastKnownFileType = sourcecode.swift; path = BaseViewController.swift; sourceTree = "<group>"; };
		486D586922F84B2400D49D45 /* StoryboardInitializable.swift */ = {isa = PBXFileReference; fileEncoding = 4; lastKnownFileType = sourcecode.swift; path = StoryboardInitializable.swift; sourceTree = "<group>"; };
		486D586C22F84B8500D49D45 /* DequeueInitializable.swift */ = {isa = PBXFileReference; fileEncoding = 4; lastKnownFileType = sourcecode.swift; path = DequeueInitializable.swift; sourceTree = "<group>"; };
		486D586F22F84CA700D49D45 /* UIViewController+Extensions.swift */ = {isa = PBXFileReference; lastKnownFileType = sourcecode.swift; path = "UIViewController+Extensions.swift"; sourceTree = "<group>"; };
		486D587122F84D7F00D49D45 /* General.swift */ = {isa = PBXFileReference; lastKnownFileType = sourcecode.swift; path = General.swift; sourceTree = "<group>"; };
		E38D385422F96896007717DE /* Constants.swift */ = {isa = PBXFileReference; lastKnownFileType = sourcecode.swift; path = Constants.swift; sourceTree = "<group>"; };
/* End PBXFileReference section */

/* Begin PBXFrameworksBuildPhase section */
		486D583422F84A7300D49D45 /* Frameworks */ = {
			isa = PBXFrameworksBuildPhase;
			buildActionMask = 2147483647;
			files = (
			);
			runOnlyForDeploymentPostprocessing = 0;
		};
/* End PBXFrameworksBuildPhase section */

/* Begin PBXGroup section */
		4854A6A022F9528D0096CFB3 /* Storyboard */ = {
			isa = PBXGroup;
			children = (
				4854A6A122F952A40096CFB3 /* SBAImagePickerController.storyboard */,
			);
			path = Storyboard;
			sourceTree = "<group>";
		};
		4854A6A322F958800096CFB3 /* Assets */ = {
			isa = PBXGroup;
			children = (
				4854A6A622F959C00096CFB3 /* tick.png */,
				4854A6A422F958910096CFB3 /* Placeholder.png */,
			);
			path = Assets;
			sourceTree = "<group>";
		};
		486D582E22F84A7300D49D45 = {
			isa = PBXGroup;
			children = (
				486D583922F84A7300D49D45 /* SBAImagePickerController */,
				486D583822F84A7300D49D45 /* Products */,
			);
			sourceTree = "<group>";
		};
		486D583822F84A7300D49D45 /* Products */ = {
			isa = PBXGroup;
			children = (
				486D583722F84A7300D49D45 /* SBAImagePickerController.app */,
			);
			name = Products;
			sourceTree = "<group>";
		};
		486D583922F84A7300D49D45 /* SBAImagePickerController */ = {
			isa = PBXGroup;
			children = (
				486D584C22F84AA000D49D45 /* PhotosPicker */,
				486D583A22F84A7300D49D45 /* AppDelegate.swift */,
				486D583C22F84A7300D49D45 /* ViewController.swift */,
				486D583E22F84A7300D49D45 /* Main.storyboard */,
				486D584122F84A7400D49D45 /* Assets.xcassets */,
				486D584322F84A7400D49D45 /* LaunchScreen.storyboard */,
				486D584622F84A7400D49D45 /* Info.plist */,
			);
			path = SBAImagePickerController;
			sourceTree = "<group>";
		};
		486D584C22F84AA000D49D45 /* PhotosPicker */ = {
			isa = PBXGroup;
			children = (
				4854A6A322F958800096CFB3 /* Assets */,
				4854A6A022F9528D0096CFB3 /* Storyboard */,
				486D586E22F84C9600D49D45 /* Extensions */,
				486D586722F84AF000D49D45 /* Base */,
				486D585722F84AA000D49D45 /* Views */,
				486D584F22F84AA000D49D45 /* View Models */,
				486D584D22F84AA000D49D45 /* AlbumPhotosViewModel.swift */,
				486D584E22F84AA000D49D45 /* AlbumPhotosViewController.swift */,
				486D585222F84AA000D49D45 /* SelectedAssets.swift */,
				486D585322F84AA000D49D45 /* PhotosPickerController.swift */,
				486D585422F84AA000D49D45 /* PhotosPickerCoordinator.swift */,
				486D585522F84AA000D49D45 /* PhotosPickerViewModel.swift */,
				486D585622F84AA000D49D45 /* PhotoAlbumsViewController.swift */,
				486D585A22F84AA000D49D45 /* PhotoManager.swift */,
			);
			path = PhotosPicker;
			sourceTree = "<group>";
		};
		486D584F22F84AA000D49D45 /* View Models */ = {
			isa = PBXGroup;
			children = (
				486D585022F84AA000D49D45 /* AlbumPhotoCollectionViewCellViewModel.swift */,
				486D585122F84AA000D49D45 /* AlbumCollectionViewCellViewModel.swift */,
			);
			path = "View Models";
			sourceTree = "<group>";
		};
		486D585722F84AA000D49D45 /* Views */ = {
			isa = PBXGroup;
			children = (
				486D585822F84AA000D49D45 /* AlbumPhotoCollectionViewCell.swift */,
				486D585922F84AA000D49D45 /* AlbumCollectionViewCell.swift */,
			);
			path = Views;
			sourceTree = "<group>";
		};
		486D586722F84AF000D49D45 /* Base */ = {
			isa = PBXGroup;
			children = (
				486D586C22F84B8500D49D45 /* DequeueInitializable.swift */,
				486D586822F84B2400D49D45 /* BaseViewController.swift */,
				486D586922F84B2400D49D45 /* StoryboardInitializable.swift */,
			);
			path = Base;
			sourceTree = "<group>";
		};
		486D586E22F84C9600D49D45 /* Extensions */ = {
			isa = PBXGroup;
			children = (
				486D586F22F84CA700D49D45 /* UIViewController+Extensions.swift */,
				486D587122F84D7F00D49D45 /* General.swift */,
				E38D385422F96896007717DE /* Constants.swift */,
			);
			path = Extensions;
			sourceTree = "<group>";
		};
/* End PBXGroup section */

/* Begin PBXNativeTarget section */
		486D583622F84A7300D49D45 /* SBAImagePickerController */ = {
			isa = PBXNativeTarget;
			buildConfigurationList = 486D584922F84A7400D49D45 /* Build configuration list for PBXNativeTarget "SBAImagePickerController" */;
			buildPhases = (
				486D583322F84A7300D49D45 /* Sources */,
				486D583422F84A7300D49D45 /* Frameworks */,
				486D583522F84A7300D49D45 /* Resources */,
			);
			buildRules = (
			);
			dependencies = (
			);
			name = SBAImagePickerController;
			productName = SBAImagePickerController;
			productReference = 486D583722F84A7300D49D45 /* SBAImagePickerController.app */;
			productType = "com.apple.product-type.application";
		};
/* End PBXNativeTarget section */

/* Begin PBXProject section */
		486D582F22F84A7300D49D45 /* Project object */ = {
			isa = PBXProject;
			attributes = {
				LastSwiftUpdateCheck = 1020;
				LastUpgradeCheck = 1020;
				ORGANIZATIONNAME = ShoaibAkhtar;
				TargetAttributes = {
					486D583622F84A7300D49D45 = {
						CreatedOnToolsVersion = 10.2.1;
					};
				};
			};
			buildConfigurationList = 486D583222F84A7300D49D45 /* Build configuration list for PBXProject "SBAImagePickerController" */;
			compatibilityVersion = "Xcode 9.3";
			developmentRegion = en;
			hasScannedForEncodings = 0;
			knownRegions = (
				en,
				Base,
			);
			mainGroup = 486D582E22F84A7300D49D45;
			productRefGroup = 486D583822F84A7300D49D45 /* Products */;
			projectDirPath = "";
			projectRoot = "";
			targets = (
				486D583622F84A7300D49D45 /* SBAImagePickerController */,
			);
		};
/* End PBXProject section */

/* Begin PBXResourcesBuildPhase section */
		486D583522F84A7300D49D45 /* Resources */ = {
			isa = PBXResourcesBuildPhase;
			buildActionMask = 2147483647;
			files = (
				4854A6A522F958910096CFB3 /* Placeholder.png in Resources */,
				486D584522F84A7400D49D45 /* LaunchScreen.storyboard in Resources */,
				4854A6A722F959C00096CFB3 /* tick.png in Resources */,
				486D584222F84A7400D49D45 /* Assets.xcassets in Resources */,
				486D584022F84A7300D49D45 /* Main.storyboard in Resources */,
				4854A6A222F952A40096CFB3 /* SBAImagePickerController.storyboard in Resources */,
			);
			runOnlyForDeploymentPostprocessing = 0;
		};
/* End PBXResourcesBuildPhase section */

/* Begin PBXSourcesBuildPhase section */
		486D583322F84A7300D49D45 /* Sources */ = {
			isa = PBXSourcesBuildPhase;
			buildActionMask = 2147483647;
			files = (
				486D585F22F84AA000D49D45 /* SelectedAssets.swift in Sources */,
				486D586D22F84B8500D49D45 /* DequeueInitializable.swift in Sources */,
				486D586522F84AA000D49D45 /* AlbumCollectionViewCell.swift in Sources */,
				486D586B22F84B2400D49D45 /* StoryboardInitializable.swift in Sources */,
				486D587022F84CA700D49D45 /* UIViewController+Extensions.swift in Sources */,
				486D586622F84AA000D49D45 /* PhotoManager.swift in Sources */,
				486D583D22F84A7300D49D45 /* ViewController.swift in Sources */,
				486D583B22F84A7300D49D45 /* AppDelegate.swift in Sources */,
				486D586A22F84B2400D49D45 /* BaseViewController.swift in Sources */,
				486D586422F84AA000D49D45 /* AlbumPhotoCollectionViewCell.swift in Sources */,
				486D586322F84AA000D49D45 /* PhotoAlbumsViewController.swift in Sources */,
				486D586222F84AA000D49D45 /* PhotosPickerViewModel.swift in Sources */,
				486D585B22F84AA000D49D45 /* AlbumPhotosViewModel.swift in Sources */,
				486D585D22F84AA000D49D45 /* AlbumPhotoCollectionViewCellViewModel.swift in Sources */,
				486D585C22F84AA000D49D45 /* AlbumPhotosViewController.swift in Sources */,
				E38D385522F96896007717DE /* Constants.swift in Sources */,
				486D586022F84AA000D49D45 /* PhotosPickerController.swift in Sources */,
				486D586122F84AA000D49D45 /* PhotosPickerCoordinator.swift in Sources */,
				486D587222F84D7F00D49D45 /* General.swift in Sources */,
				486D585E22F84AA000D49D45 /* AlbumCollectionViewCellViewModel.swift in Sources */,
			);
			runOnlyForDeploymentPostprocessing = 0;
		};
/* End PBXSourcesBuildPhase section */

/* Begin PBXVariantGroup section */
		486D583E22F84A7300D49D45 /* Main.storyboard */ = {
			isa = PBXVariantGroup;
			children = (
				486D583F22F84A7300D49D45 /* Base */,
			);
			name = Main.storyboard;
			sourceTree = "<group>";
		};
		486D584322F84A7400D49D45 /* LaunchScreen.storyboard */ = {
			isa = PBXVariantGroup;
			children = (
				486D584422F84A7400D49D45 /* Base */,
			);
			name = LaunchScreen.storyboard;
			sourceTree = "<group>";
		};
/* End PBXVariantGroup section */

/* Begin XCBuildConfiguration section */
		486D584722F84A7400D49D45 /* Debug */ = {
			isa = XCBuildConfiguration;
			buildSettings = {
				ALWAYS_SEARCH_USER_PATHS = NO;
				CLANG_ANALYZER_NONNULL = YES;
				CLANG_ANALYZER_NUMBER_OBJECT_CONVERSION = YES_AGGRESSIVE;
				CLANG_CXX_LANGUAGE_STANDARD = "gnu++14";
				CLANG_CXX_LIBRARY = "libc++";
				CLANG_ENABLE_MODULES = YES;
				CLANG_ENABLE_OBJC_ARC = YES;
				CLANG_ENABLE_OBJC_WEAK = YES;
				CLANG_WARN_BLOCK_CAPTURE_AUTORELEASING = YES;
				CLANG_WARN_BOOL_CONVERSION = YES;
				CLANG_WARN_COMMA = YES;
				CLANG_WARN_CONSTANT_CONVERSION = YES;
				CLANG_WARN_DEPRECATED_OBJC_IMPLEMENTATIONS = YES;
				CLANG_WARN_DIRECT_OBJC_ISA_USAGE = YES_ERROR;
				CLANG_WARN_DOCUMENTATION_COMMENTS = YES;
				CLANG_WARN_EMPTY_BODY = YES;
				CLANG_WARN_ENUM_CONVERSION = YES;
				CLANG_WARN_INFINITE_RECURSION = YES;
				CLANG_WARN_INT_CONVERSION = YES;
				CLANG_WARN_NON_LITERAL_NULL_CONVERSION = YES;
				CLANG_WARN_OBJC_IMPLICIT_RETAIN_SELF = YES;
				CLANG_WARN_OBJC_LITERAL_CONVERSION = YES;
				CLANG_WARN_OBJC_ROOT_CLASS = YES_ERROR;
				CLANG_WARN_RANGE_LOOP_ANALYSIS = YES;
				CLANG_WARN_STRICT_PROTOTYPES = YES;
				CLANG_WARN_SUSPICIOUS_MOVE = YES;
				CLANG_WARN_UNGUARDED_AVAILABILITY = YES_AGGRESSIVE;
				CLANG_WARN_UNREACHABLE_CODE = YES;
				CLANG_WARN__DUPLICATE_METHOD_MATCH = YES;
				CODE_SIGN_IDENTITY = "iPhone Developer";
				COPY_PHASE_STRIP = NO;
				DEBUG_INFORMATION_FORMAT = dwarf;
				ENABLE_STRICT_OBJC_MSGSEND = YES;
				ENABLE_TESTABILITY = YES;
				GCC_C_LANGUAGE_STANDARD = gnu11;
				GCC_DYNAMIC_NO_PIC = NO;
				GCC_NO_COMMON_BLOCKS = YES;
				GCC_OPTIMIZATION_LEVEL = 0;
				GCC_PREPROCESSOR_DEFINITIONS = (
					"DEBUG=1",
					"$(inherited)",
				);
				GCC_WARN_64_TO_32_BIT_CONVERSION = YES;
				GCC_WARN_ABOUT_RETURN_TYPE = YES_ERROR;
				GCC_WARN_UNDECLARED_SELECTOR = YES;
				GCC_WARN_UNINITIALIZED_AUTOS = YES_AGGRESSIVE;
				GCC_WARN_UNUSED_FUNCTION = YES;
				GCC_WARN_UNUSED_VARIABLE = YES;
				IPHONEOS_DEPLOYMENT_TARGET = 12.2;
				MTL_ENABLE_DEBUG_INFO = INCLUDE_SOURCE;
				MTL_FAST_MATH = YES;
				ONLY_ACTIVE_ARCH = YES;
				SDKROOT = iphoneos;
				SWIFT_ACTIVE_COMPILATION_CONDITIONS = DEBUG;
				SWIFT_OPTIMIZATION_LEVEL = "-Onone";
			};
			name = Debug;
		};
		486D584822F84A7400D49D45 /* Release */ = {
			isa = XCBuildConfiguration;
			buildSettings = {
				ALWAYS_SEARCH_USER_PATHS = NO;
				CLANG_ANALYZER_NONNULL = YES;
				CLANG_ANALYZER_NUMBER_OBJECT_CONVERSION = YES_AGGRESSIVE;
				CLANG_CXX_LANGUAGE_STANDARD = "gnu++14";
				CLANG_CXX_LIBRARY = "libc++";
				CLANG_ENABLE_MODULES = YES;
				CLANG_ENABLE_OBJC_ARC = YES;
				CLANG_ENABLE_OBJC_WEAK = YES;
				CLANG_WARN_BLOCK_CAPTURE_AUTORELEASING = YES;
				CLANG_WARN_BOOL_CONVERSION = YES;
				CLANG_WARN_COMMA = YES;
				CLANG_WARN_CONSTANT_CONVERSION = YES;
				CLANG_WARN_DEPRECATED_OBJC_IMPLEMENTATIONS = YES;
				CLANG_WARN_DIRECT_OBJC_ISA_USAGE = YES_ERROR;
				CLANG_WARN_DOCUMENTATION_COMMENTS = YES;
				CLANG_WARN_EMPTY_BODY = YES;
				CLANG_WARN_ENUM_CONVERSION = YES;
				CLANG_WARN_INFINITE_RECURSION = YES;
				CLANG_WARN_INT_CONVERSION = YES;
				CLANG_WARN_NON_LITERAL_NULL_CONVERSION = YES;
				CLANG_WARN_OBJC_IMPLICIT_RETAIN_SELF = YES;
				CLANG_WARN_OBJC_LITERAL_CONVERSION = YES;
				CLANG_WARN_OBJC_ROOT_CLASS = YES_ERROR;
				CLANG_WARN_RANGE_LOOP_ANALYSIS = YES;
				CLANG_WARN_STRICT_PROTOTYPES = YES;
				CLANG_WARN_SUSPICIOUS_MOVE = YES;
				CLANG_WARN_UNGUARDED_AVAILABILITY = YES_AGGRESSIVE;
				CLANG_WARN_UNREACHABLE_CODE = YES;
				CLANG_WARN__DUPLICATE_METHOD_MATCH = YES;
				CODE_SIGN_IDENTITY = "iPhone Developer";
				COPY_PHASE_STRIP = NO;
				DEBUG_INFORMATION_FORMAT = "dwarf-with-dsym";
				ENABLE_NS_ASSERTIONS = NO;
				ENABLE_STRICT_OBJC_MSGSEND = YES;
				GCC_C_LANGUAGE_STANDARD = gnu11;
				GCC_NO_COMMON_BLOCKS = YES;
				GCC_WARN_64_TO_32_BIT_CONVERSION = YES;
				GCC_WARN_ABOUT_RETURN_TYPE = YES_ERROR;
				GCC_WARN_UNDECLARED_SELECTOR = YES;
				GCC_WARN_UNINITIALIZED_AUTOS = YES_AGGRESSIVE;
				GCC_WARN_UNUSED_FUNCTION = YES;
				GCC_WARN_UNUSED_VARIABLE = YES;
				IPHONEOS_DEPLOYMENT_TARGET = 12.2;
				MTL_ENABLE_DEBUG_INFO = NO;
				MTL_FAST_MATH = YES;
				SDKROOT = iphoneos;
				SWIFT_COMPILATION_MODE = wholemodule;
				SWIFT_OPTIMIZATION_LEVEL = "-O";
				VALIDATE_PRODUCT = YES;
			};
			name = Release;
		};
		486D584A22F84A7400D49D45 /* Debug */ = {
			isa = XCBuildConfiguration;
			buildSettings = {
				ASSETCATALOG_COMPILER_APPICON_NAME = AppIcon;
				CODE_SIGN_STYLE = Automatic;
				DEVELOPMENT_TEAM = RQRHPBH24R;
				INFOPLIST_FILE = SBAImagePickerController/Info.plist;
				LD_RUNPATH_SEARCH_PATHS = (
					"$(inherited)",
					"@executable_path/Frameworks",
				);
				PRODUCT_BUNDLE_IDENTIFIER = shoaibakhtar.SBAImagePickerController;
				PRODUCT_NAME = "$(TARGET_NAME)";
				SWIFT_VERSION = 5.0;
				TARGETED_DEVICE_FAMILY = "1,2";
			};
			name = Debug;
		};
		486D584B22F84A7400D49D45 /* Release */ = {
			isa = XCBuildConfiguration;
			buildSettings = {
				ASSETCATALOG_COMPILER_APPICON_NAME = AppIcon;
				CODE_SIGN_STYLE = Automatic;
				DEVELOPMENT_TEAM = RQRHPBH24R;
				INFOPLIST_FILE = SBAImagePickerController/Info.plist;
				LD_RUNPATH_SEARCH_PATHS = (
					"$(inherited)",
					"@executable_path/Frameworks",
				);
				PRODUCT_BUNDLE_IDENTIFIER = shoaibakhtar.SBAImagePickerController;
				PRODUCT_NAME = "$(TARGET_NAME)";
				SWIFT_VERSION = 5.0;
				TARGETED_DEVICE_FAMILY = "1,2";
			};
			name = Release;
		};
/* End XCBuildConfiguration section */

/* Begin XCConfigurationList section */
		486D583222F84A7300D49D45 /* Build configuration list for PBXProject "SBAImagePickerController" */ = {
			isa = XCConfigurationList;
			buildConfigurations = (
				486D584722F84A7400D49D45 /* Debug */,
				486D584822F84A7400D49D45 /* Release */,
			);
			defaultConfigurationIsVisible = 0;
			defaultConfigurationName = Release;
		};
		486D584922F84A7400D49D45 /* Build configuration list for PBXNativeTarget "SBAImagePickerController" */ = {
			isa = XCConfigurationList;
			buildConfigurations = (
				486D584A22F84A7400D49D45 /* Debug */,
				486D584B22F84A7400D49D45 /* Release */,
			);
			defaultConfigurationIsVisible = 0;
			defaultConfigurationName = Release;
		};
/* End XCConfigurationList section */
	};
	rootObject = 486D582F22F84A7300D49D45 /* Project object */;
}
