PODS:
  - SBAImagePickerController (1.0)

DEPENDENCIES:
  - SBAImagePickerController (from `https://github.com/shoaib-akhtar/SBAImagePickerController`, branch `master`)

EXTERNAL SOURCES:
  SBAImagePickerController:
    :branch: master
    :git: https://github.com/shoaib-akhtar/SBAImagePickerController

CHECKOUT OPTIONS:
  SBAImagePickerController:
    :commit: 2a30ce08629cddd50b29abfc53209c75df432c55
    :git: https://github.com/shoaib-akhtar/SBAImagePickerController

SPEC CHECKSUMS:
  SBAImagePickerController: 3d4fcd22170f3026a381009b209e3dbe190e9f16

PODFILE CHECKSUM: 152a67ee550e61cc2ae1e86e53133d4ceeea2a89

COCOAPODS: 1.7.2
